// !$*UTF8*$!
{
	archiveVersion = 1;
	classes = {
	};
	objectVersion = 46;
	objects = {

/* Begin PBXBuildFile section */
		4731827B1A2A3C3000304BC9 /* Cells.swift in Sources */ = {isa = PBXBuildFile; fileRef = 4731827A1A2A3C3000304BC9 /* Cells.swift */; };
		4731827E1A2A609F00304BC9 /* VenueTipsViewController.swift in Sources */ = {isa = PBXBuildFile; fileRef = 4731827D1A2A609F00304BC9 /* VenueTipsViewController.swift */; };
		473182801A2A9AD300304BC9 /* SearchTableViewController.swift in Sources */ = {isa = PBXBuildFile; fileRef = 4731827F1A2A9AD300304BC9 /* SearchTableViewController.swift */; };
		475D105F1A0E35AB000F699A /* AppDelegate.swift in Sources */ = {isa = PBXBuildFile; fileRef = 475D105E1A0E35AB000F699A /* AppDelegate.swift */; };
		475D10611A0E35AB000F699A /* ExploreViewController.swift in Sources */ = {isa = PBXBuildFile; fileRef = 475D10601A0E35AB000F699A /* ExploreViewController.swift */; };
		475D10631A0E35AB000F699A /* FriendsViewController.swift in Sources */ = {isa = PBXBuildFile; fileRef = 475D10621A0E35AB000F699A /* FriendsViewController.swift */; };
		475D10661A0E35AB000F699A /* Main.storyboard in Resources */ = {isa = PBXBuildFile; fileRef = 475D10641A0E35AB000F699A /* Main.storyboard */; };
		475D10681A0E35AB000F699A /* Images.xcassets in Resources */ = {isa = PBXBuildFile; fileRef = 475D10671A0E35AB000F699A /* Images.xcassets */; };
		475D106B1A0E35AB000F699A /* LaunchScreen.xib in Resources */ = {isa = PBXBuildFile; fileRef = 475D10691A0E35AB000F699A /* LaunchScreen.xib */; };
		9E876BAF1D881392006BB7BE /* QuadratTouch.framework in Embed Frameworks */ = {isa = PBXBuildFile; fileRef = 47C471511A0FBFAF00BB1CA0 /* QuadratTouch.framework */; settings = {ATTRIBUTES = (CodeSignOnCopy, RemoveHeadersOnCopy, ); }; };
/* End PBXBuildFile section */

/* Begin PBXContainerItemProxy section */
		47C4714E1A0FBFAF00BB1CA0 /* PBXContainerItemProxy */ = {
			isa = PBXContainerItemProxy;
			containerPortal = 47C471491A0FBFAF00BB1CA0 /* Quadrat.xcodeproj */;
			proxyType = 2;
			remoteGlobalIDString = 476B70891A0EBAE700AFAC33;
			remoteInfo = Quadrat;
		};
		47C471501A0FBFAF00BB1CA0 /* PBXContainerItemProxy */ = {
			isa = PBXContainerItemProxy;
			containerPortal = 47C471491A0FBFAF00BB1CA0 /* Quadrat.xcodeproj */;
			proxyType = 2;
			remoteGlobalIDString = 476B70DA1A0EBBA500AFAC33;
			remoteInfo = QuadratTouch;
		};
		9E876BB01D881396006BB7BE /* PBXContainerItemProxy */ = {
			isa = PBXContainerItemProxy;
			containerPortal = 47C471491A0FBFAF00BB1CA0 /* Quadrat.xcodeproj */;
			proxyType = 1;
			remoteGlobalIDString = 476B70D91A0EBBA500AFAC33;
			remoteInfo = QuadratTouch;
		};
/* End PBXContainerItemProxy section */

/* Begin PBXCopyFilesBuildPhase section */
		47C471561A0FBFB900BB1CA0 /* Embed Frameworks */ = {
			isa = PBXCopyFilesBuildPhase;
			buildActionMask = 2147483647;
			dstPath = "";
			dstSubfolderSpec = 10;
			files = (
				9E876BAF1D881392006BB7BE /* QuadratTouch.framework in Embed Frameworks */,
			);
			name = "Embed Frameworks";
			runOnlyForDeploymentPostprocessing = 0;
		};
/* End PBXCopyFilesBuildPhase section */

/* Begin PBXFileReference section */
		4731827A1A2A3C3000304BC9 /* Cells.swift */ = {isa = PBXFileReference; fileEncoding = 4; lastKnownFileType = sourcecode.swift; path = Cells.swift; sourceTree = "<group>"; };
		4731827D1A2A609F00304BC9 /* VenueTipsViewController.swift */ = {isa = PBXFileReference; fileEncoding = 4; lastKnownFileType = sourcecode.swift; path = VenueTipsViewController.swift; sourceTree = "<group>"; };
		4731827F1A2A9AD300304BC9 /* SearchTableViewController.swift */ = {isa = PBXFileReference; fileEncoding = 4; lastKnownFileType = sourcecode.swift; path = SearchTableViewController.swift; sourceTree = "<group>"; };
		475D10591A0E35AB000F699A /* Demo-iOS.app */ = {isa = PBXFileReference; explicitFileType = wrapper.application; includeInIndex = 0; path = "Demo-iOS.app"; sourceTree = BUILT_PRODUCTS_DIR; };
		475D105D1A0E35AB000F699A /* Info.plist */ = {isa = PBXFileReference; lastKnownFileType = text.plist.xml; path = Info.plist; sourceTree = "<group>"; };
		475D105E1A0E35AB000F699A /* AppDelegate.swift */ = {isa = PBXFileReference; lastKnownFileType = sourcecode.swift; path = AppDelegate.swift; sourceTree = "<group>"; };
		475D10601A0E35AB000F699A /* ExploreViewController.swift */ = {isa = PBXFileReference; lastKnownFileType = sourcecode.swift; path = ExploreViewController.swift; sourceTree = "<group>"; };
		475D10621A0E35AB000F699A /* FriendsViewController.swift */ = {isa = PBXFileReference; lastKnownFileType = sourcecode.swift; path = FriendsViewController.swift; sourceTree = "<group>"; };
		475D10651A0E35AB000F699A /* Base */ = {isa = PBXFileReference; lastKnownFileType = file.storyboard; name = Base; path = Base.lproj/Main.storyboard; sourceTree = "<group>"; };
		475D10671A0E35AB000F699A /* Images.xcassets */ = {isa = PBXFileReference; lastKnownFileType = folder.assetcatalog; path = Images.xcassets; sourceTree = "<group>"; };
		475D106A1A0E35AB000F699A /* Base */ = {isa = PBXFileReference; lastKnownFileType = file.xib; name = Base; path = Base.lproj/LaunchScreen.xib; sourceTree = "<group>"; };
		47C471491A0FBFAF00BB1CA0 /* Quadrat.xcodeproj */ = {isa = PBXFileReference; lastKnownFileType = "wrapper.pb-project"; name = Quadrat.xcodeproj; path = ../../Source/Quadrat.xcodeproj; sourceTree = "<group>"; };
/* End PBXFileReference section */

/* Begin PBXFrameworksBuildPhase section */
		475D10561A0E35AB000F699A /* Frameworks */ = {
			isa = PBXFrameworksBuildPhase;
			buildActionMask = 2147483647;
			files = (
			);
			runOnlyForDeploymentPostprocessing = 0;
		};
/* End PBXFrameworksBuildPhase section */

/* Begin PBXGroup section */
		475D10501A0E35AB000F699A = {
			isa = PBXGroup;
			children = (
				47C471491A0FBFAF00BB1CA0 /* Quadrat.xcodeproj */,
				475D105B1A0E35AB000F699A /* Demo-iOS */,
				475D105A1A0E35AB000F699A /* Products */,
			);
			sourceTree = "<group>";
		};
		475D105A1A0E35AB000F699A /* Products */ = {
			isa = PBXGroup;
			children = (
				475D10591A0E35AB000F699A /* Demo-iOS.app */,
			);
			name = Products;
			sourceTree = "<group>";
		};
		475D105B1A0E35AB000F699A /* Demo-iOS */ = {
			isa = PBXGroup;
			children = (
				475D105E1A0E35AB000F699A /* AppDelegate.swift */,
				4731827A1A2A3C3000304BC9 /* Cells.swift */,
				475D10601A0E35AB000F699A /* ExploreViewController.swift */,
				4731827F1A2A9AD300304BC9 /* SearchTableViewController.swift */,
				4731827D1A2A609F00304BC9 /* VenueTipsViewController.swift */,
				475D10621A0E35AB000F699A /* FriendsViewController.swift */,
				475D10641A0E35AB000F699A /* Main.storyboard */,
				475D10671A0E35AB000F699A /* Images.xcassets */,
				475D10691A0E35AB000F699A /* LaunchScreen.xib */,
				475D105C1A0E35AB000F699A /* Supporting Files */,
			);
			path = "Demo-iOS";
			sourceTree = "<group>";
		};
		475D105C1A0E35AB000F699A /* Supporting Files */ = {
			isa = PBXGroup;
			children = (
				475D105D1A0E35AB000F699A /* Info.plist */,
			);
			name = "Supporting Files";
			sourceTree = "<group>";
		};
		47C4714A1A0FBFAF00BB1CA0 /* Products */ = {
			isa = PBXGroup;
			children = (
				47C4714F1A0FBFAF00BB1CA0 /* Quadrat.framework */,
				47C471511A0FBFAF00BB1CA0 /* QuadratTouch.framework */,
			);
			name = Products;
			sourceTree = "<group>";
		};
/* End PBXGroup section */

/* Begin PBXNativeTarget section */
		475D10581A0E35AB000F699A /* Demo-iOS */ = {
			isa = PBXNativeTarget;
			buildConfigurationList = 475D107A1A0E35AB000F699A /* Build configuration list for PBXNativeTarget "Demo-iOS" */;
			buildPhases = (
				475D10551A0E35AB000F699A /* Sources */,
				475D10561A0E35AB000F699A /* Frameworks */,
				475D10571A0E35AB000F699A /* Resources */,
				47C471561A0FBFB900BB1CA0 /* Embed Frameworks */,
			);
			buildRules = (
			);
			dependencies = (
				9E876BB11D881396006BB7BE /* PBXTargetDependency */,
			);
			name = "Demo-iOS";
			productName = "Demo-iOS";
			productReference = 475D10591A0E35AB000F699A /* Demo-iOS.app */;
			productType = "com.apple.product-type.application";
		};
/* End PBXNativeTarget section */

/* Begin PBXProject section */
		475D10511A0E35AB000F699A /* Project object */ = {
			isa = PBXProject;
			attributes = {
				LastSwiftMigration = 0700;
				LastSwiftUpdateCheck = 0700;
				LastUpgradeCheck = 0800;
				ORGANIZATIONNAME = "Constantine Fry";
				TargetAttributes = {
					475D10581A0E35AB000F699A = {
						CreatedOnToolsVersion = 6.1;
						DevelopmentTeam = VZ266K5KCR;
						LastSwiftMigration = 0800;
					};
				};
			};
			buildConfigurationList = 475D10541A0E35AB000F699A /* Build configuration list for PBXProject "Demo-iOS" */;
			compatibilityVersion = "Xcode 3.2";
			developmentRegion = English;
			hasScannedForEncodings = 0;
			knownRegions = (
				en,
				Base,
			);
			mainGroup = 475D10501A0E35AB000F699A;
			productRefGroup = 475D105A1A0E35AB000F699A /* Products */;
			projectDirPath = "";
			projectReferences = (
				{
					ProductGroup = 47C4714A1A0FBFAF00BB1CA0 /* Products */;
					ProjectRef = 47C471491A0FBFAF00BB1CA0 /* Quadrat.xcodeproj */;
				},
			);
			projectRoot = "";
			targets = (
				475D10581A0E35AB000F699A /* Demo-iOS */,
			);
		};
/* End PBXProject section */

/* Begin PBXReferenceProxy section */
		47C4714F1A0FBFAF00BB1CA0 /* Quadrat.framework */ = {
			isa = PBXReferenceProxy;
			fileType = wrapper.framework;
			path = Quadrat.framework;
			remoteRef = 47C4714E1A0FBFAF00BB1CA0 /* PBXContainerItemProxy */;
			sourceTree = BUILT_PRODUCTS_DIR;
		};
		47C471511A0FBFAF00BB1CA0 /* QuadratTouch.framework */ = {
			isa = PBXReferenceProxy;
			fileType = wrapper.framework;
			path = QuadratTouch.framework;
			remoteRef = 47C471501A0FBFAF00BB1CA0 /* PBXContainerItemProxy */;
			sourceTree = BUILT_PRODUCTS_DIR;
		};
/* End PBXReferenceProxy section */

/* Begin PBXResourcesBuildPhase section */
		475D10571A0E35AB000F699A /* Resources */ = {
			isa = PBXResourcesBuildPhase;
			buildActionMask = 2147483647;
			files = (
				475D10661A0E35AB000F699A /* Main.storyboard in Resources */,
				475D106B1A0E35AB000F699A /* LaunchScreen.xib in Resources */,
				475D10681A0E35AB000F699A /* Images.xcassets in Resources */,
			);
			runOnlyForDeploymentPostprocessing = 0;
		};
/* End PBXResourcesBuildPhase section */

/* Begin PBXSourcesBuildPhase section */
		475D10551A0E35AB000F699A /* Sources */ = {
			isa = PBXSourcesBuildPhase;
			buildActionMask = 2147483647;
			files = (
				475D10631A0E35AB000F699A /* FriendsViewController.swift in Sources */,
				473182801A2A9AD300304BC9 /* SearchTableViewController.swift in Sources */,
				4731827E1A2A609F00304BC9 /* VenueTipsViewController.swift in Sources */,
				4731827B1A2A3C3000304BC9 /* Cells.swift in Sources */,
				475D105F1A0E35AB000F699A /* AppDelegate.swift in Sources */,
				475D10611A0E35AB000F699A /* ExploreViewController.swift in Sources */,
			);
			runOnlyForDeploymentPostprocessing = 0;
		};
/* End PBXSourcesBuildPhase section */

/* Begin PBXTargetDependency section */
		9E876BB11D881396006BB7BE /* PBXTargetDependency */ = {
			isa = PBXTargetDependency;
			name = QuadratTouch;
			targetProxy = 9E876BB01D881396006BB7BE /* PBXContainerItemProxy */;
		};
/* End PBXTargetDependency section */

/* Begin PBXVariantGroup section */
		475D10641A0E35AB000F699A /* Main.storyboard */ = {
			isa = PBXVariantGroup;
			children = (
				475D10651A0E35AB000F699A /* Base */,
			);
			name = Main.storyboard;
			sourceTree = "<group>";
		};
		475D10691A0E35AB000F699A /* LaunchScreen.xib */ = {
			isa = PBXVariantGroup;
			children = (
				475D106A1A0E35AB000F699A /* Base */,
			);
			name = LaunchScreen.xib;
			sourceTree = "<group>";
		};
/* End PBXVariantGroup section */

/* Begin XCBuildConfiguration section */
		475D10781A0E35AB000F699A /* Debug */ = {
			isa = XCBuildConfiguration;
			buildSettings = {
				ALWAYS_EMBED_SWIFT_STANDARD_LIBRARIES = YES;
				ALWAYS_SEARCH_USER_PATHS = NO;
				CLANG_CXX_LANGUAGE_STANDARD = "gnu++0x";
				CLANG_CXX_LIBRARY = "libc++";
				CLANG_ENABLE_MODULES = YES;
				CLANG_ENABLE_OBJC_ARC = YES;
				CLANG_WARN_BOOL_CONVERSION = YES;
				CLANG_WARN_CONSTANT_CONVERSION = YES;
				CLANG_WARN_DIRECT_OBJC_ISA_USAGE = YES_ERROR;
				CLANG_WARN_EMPTY_BODY = YES;
				CLANG_WARN_ENUM_CONVERSION = YES;
				CLANG_WARN_INFINITE_RECURSION = YES;
				CLANG_WARN_INT_CONVERSION = YES;
				CLANG_WARN_OBJC_ROOT_CLASS = YES_ERROR;
				CLANG_WARN_SUSPICIOUS_MOVE = YES;
				CLANG_WARN_UNREACHABLE_CODE = YES;
				CLANG_WARN__DUPLICATE_METHOD_MATCH = YES;
				"CODE_SIGN_IDENTITY[sdk=iphoneos*]" = "iPhone Developer";
				COPY_PHASE_STRIP = NO;
				ENABLE_STRICT_OBJC_MSGSEND = YES;
				ENABLE_TESTABILITY = YES;
				GCC_C_LANGUAGE_STANDARD = gnu99;
				GCC_DYNAMIC_NO_PIC = NO;
				GCC_NO_COMMON_BLOCKS = YES;
				GCC_OPTIMIZATION_LEVEL = 0;
				GCC_PREPROCESSOR_DEFINITIONS = (
					"DEBUG=1",
					"$(inherited)",
				);
				GCC_SYMBOLS_PRIVATE_EXTERN = NO;
				GCC_WARN_64_TO_32_BIT_CONVERSION = YES;
				GCC_WARN_ABOUT_RETURN_TYPE = YES_ERROR;
				GCC_WARN_UNDECLARED_SELECTOR = YES;
				GCC_WARN_UNINITIALIZED_AUTOS = YES_AGGRESSIVE;
				GCC_WARN_UNUSED_FUNCTION = YES;
				GCC_WARN_UNUSED_VARIABLE = YES;
				IPHONEOS_DEPLOYMENT_TARGET = 9.0;
				MTL_ENABLE_DEBUG_INFO = YES;
				ONLY_ACTIVE_ARCH = YES;
				SDKROOT = iphoneos;
				SWIFT_OPTIMIZATION_LEVEL = "-Onone";
			};
			name = Debug;
		};
		475D10791A0E35AB000F699A /* Release */ = {
			isa = XCBuildConfiguration;
			buildSettings = {
				ALWAYS_EMBED_SWIFT_STANDARD_LIBRARIES = YES;
				ALWAYS_SEARCH_USER_PATHS = NO;
				CLANG_CXX_LANGUAGE_STANDARD = "gnu++0x";
				CLANG_CXX_LIBRARY = "libc++";
				CLANG_ENABLE_MODULES = YES;
				CLANG_ENABLE_OBJC_ARC = YES;
				CLANG_WARN_BOOL_CONVERSION = YES;
				CLANG_WARN_CONSTANT_CONVERSION = YES;
				CLANG_WARN_DIRECT_OBJC_ISA_USAGE = YES_ERROR;
				CLANG_WARN_EMPTY_BODY = YES;
				CLANG_WARN_ENUM_CONVERSION = YES;
				CLANG_WARN_INFINITE_RECURSION = YES;
				CLANG_WARN_INT_CONVERSION = YES;
				CLANG_WARN_OBJC_ROOT_CLASS = YES_ERROR;
				CLANG_WARN_SUSPICIOUS_MOVE = YES;
				CLANG_WARN_UNREACHABLE_CODE = YES;
				CLANG_WARN__DUPLICATE_METHOD_MATCH = YES;
				"CODE_SIGN_IDENTITY[sdk=iphoneos*]" = "iPhone Developer";
				COPY_PHASE_STRIP = YES;
				ENABLE_NS_ASSERTIONS = NO;
				ENABLE_STRICT_OBJC_MSGSEND = YES;
				GCC_C_LANGUAGE_STANDARD = gnu99;
				GCC_NO_COMMON_BLOCKS = YES;
				GCC_WARN_64_TO_32_BIT_CONVERSION = YES;
				GCC_WARN_ABOUT_RETURN_TYPE = YES_ERROR;
				GCC_WARN_UNDECLARED_SELECTOR = YES;
				GCC_WARN_UNINITIALIZED_AUTOS = YES_AGGRESSIVE;
				GCC_WARN_UNUSED_FUNCTION = YES;
				GCC_WARN_UNUSED_VARIABLE = YES;
				IPHONEOS_DEPLOYMENT_TARGET = 9.0;
				MTL_ENABLE_DEBUG_INFO = NO;
				SDKROOT = iphoneos;
				SWIFT_OPTIMIZATION_LEVEL = "-Owholemodule";
				VALIDATE_PRODUCT = YES;
			};
			name = Release;
		};
		475D107B1A0E35AB000F699A /* Debug */ = {
			isa = XCBuildConfiguration;
			buildSettings = {
				ALWAYS_EMBED_SWIFT_STANDARD_LIBRARIES = YES;
				ASSETCATALOG_COMPILER_APPICON_NAME = AppIcon;
				CODE_SIGN_IDENTITY = "iPhone Developer";
				"CODE_SIGN_IDENTITY[sdk=iphoneos*]" = "iPhone Developer";
				DEVELOPMENT_TEAM = VZ266K5KCR;
				FRAMEWORK_SEARCH_PATHS = "$(inherited)";
				INFOPLIST_FILE = "Demo-iOS/Info.plist";
				IPHONEOS_DEPLOYMENT_TARGET = 9.0;
				LD_RUNPATH_SEARCH_PATHS = "$(inherited) @executable_path/Frameworks";
				PRODUCT_BUNDLE_IDENTIFIER = "net.aoeu.fry.$(PRODUCT_NAME:rfc1034identifier)";
				PRODUCT_NAME = "$(TARGET_NAME)";
				PROVISIONING_PROFILE = "";
				SWIFT_VERSION = 3.0;
				TARGETED_DEVICE_FAMILY = "1,2";
			};
			name = Debug;
		};
		475D107C1A0E35AB000F699A /* Release */ = {
			isa = XCBuildConfiguration;
			buildSettings = {
				ALWAYS_EMBED_SWIFT_STANDARD_LIBRARIES = YES;
				ASSETCATALOG_COMPILER_APPICON_NAME = AppIcon;
				CODE_SIGN_IDENTITY = "iPhone Developer";
				"CODE_SIGN_IDENTITY[sdk=iphoneos*]" = "iPhone Developer";
				DEVELOPMENT_TEAM = VZ266K5KCR;
				FRAMEWORK_SEARCH_PATHS = "$(inherited)";
				INFOPLIST_FILE = "Demo-iOS/Info.plist";
				IPHONEOS_DEPLOYMENT_TARGET = 9.0;
				LD_RUNPATH_SEARCH_PATHS = "$(inherited) @executable_path/Frameworks";
				PRODUCT_BUNDLE_IDENTIFIER = "net.aoeu.fry.$(PRODUCT_NAME:rfc1034identifier)";
				PRODUCT_NAME = "$(TARGET_NAME)";
				PROVISIONING_PROFILE = "";
				SWIFT_VERSION = 3.0;
				TARGETED_DEVICE_FAMILY = "1,2";
			};
			name = Release;
		};
/* End XCBuildConfiguration section */

/* Begin XCConfigurationList section */
		475D10541A0E35AB000F699A /* Build configuration list for PBXProject "Demo-iOS" */ = {
			isa = XCConfigurationList;
			buildConfigurations = (
				475D10781A0E35AB000F699A /* Debug */,
				475D10791A0E35AB000F699A /* Release */,
			);
			defaultConfigurationIsVisible = 0;
			defaultConfigurationName = Release;
		};
		475D107A1A0E35AB000F699A /* Build configuration list for PBXNativeTarget "Demo-iOS" */ = {
			isa = XCConfigurationList;
			buildConfigurations = (
				475D107B1A0E35AB000F699A /* Debug */,
				475D107C1A0E35AB000F699A /* Release */,
			);
			defaultConfigurationIsVisible = 0;
			defaultConfigurationName = Release;
		};
/* End XCConfigurationList section */
	};
	rootObject = 475D10511A0E35AB000F699A /* Project object */;
}
