// !$*UTF8*$!
{
	archiveVersion = 1;
	classes = {
	};
	objectVersion = 46;
	objects = {

/* Begin PBXBuildFile section */
		475D10981A0E3640000F699A /* AppDelegate.swift in Sources */ = {isa = PBXBuildFile; fileRef = 475D10971A0E3640000F699A /* AppDelegate.swift */; };
		475D109A1A0E3640000F699A /* Images.xcassets in Resources */ = {isa = PBXBuildFile; fileRef = 475D10991A0E3640000F699A /* Images.xcassets */; };
		475D109D1A0E3640000F699A /* MainMenu.xib in Resources */ = {isa = PBXBuildFile; fileRef = 475D109B1A0E3640000F699A /* MainMenu.xib */; };
		47888BF11A18C20D00A76E47 /* Apple_Swift_Logo.png in Resources */ = {isa = PBXBuildFile; fileRef = 47888BF01A18C20D00A76E47 /* Apple_Swift_Logo.png */; };
		9E876BAD1D8812EC006BB7BE /* Quadrat.framework in Embed Frameworks */ = {isa = PBXBuildFile; fileRef = 9E876BA81D8812D7006BB7BE /* Quadrat.framework */; settings = {ATTRIBUTES = (CodeSignOnCopy, RemoveHeadersOnCopy, ); }; };
/* End PBXBuildFile section */

/* Begin PBXContainerItemProxy section */
		9E876BA71D8812D7006BB7BE /* PBXContainerItemProxy */ = {
			isa = PBXContainerItemProxy;
			containerPortal = 9E876BA21D8812D7006BB7BE /* Quadrat.xcodeproj */;
			proxyType = 2;
			remoteGlobalIDString = 476B70891A0EBAE700AFAC33;
			remoteInfo = Quadrat;
		};
		9E876BA91D8812D7006BB7BE /* PBXContainerItemProxy */ = {
			isa = PBXContainerItemProxy;
			containerPortal = 9E876BA21D8812D7006BB7BE /* Quadrat.xcodeproj */;
			proxyType = 2;
			remoteGlobalIDString = 476B70DA1A0EBBA500AFAC33;
			remoteInfo = QuadratTouch;
		};
		9E876BAB1D8812E4006BB7BE /* PBXContainerItemProxy */ = {
			isa = PBXContainerItemProxy;
			containerPortal = 9E876BA21D8812D7006BB7BE /* Quadrat.xcodeproj */;
			proxyType = 1;
			remoteGlobalIDString = 476B70881A0EBAE700AFAC33;
			remoteInfo = Quadrat;
		};
/* End PBXContainerItemProxy section */

/* Begin PBXCopyFilesBuildPhase section */
		47BA2E6A1A0FB73B00A334D2 /* Embed Frameworks */ = {
			isa = PBXCopyFilesBuildPhase;
			buildActionMask = 2147483647;
			dstPath = "";
			dstSubfolderSpec = 10;
			files = (
				9E876BAD1D8812EC006BB7BE /* Quadrat.framework in Embed Frameworks */,
			);
			name = "Embed Frameworks";
			runOnlyForDeploymentPostprocessing = 0;
		};
/* End PBXCopyFilesBuildPhase section */

/* Begin PBXFileReference section */
		475D10921A0E3640000F699A /* Demo-OSX.app */ = {isa = PBXFileReference; explicitFileType = wrapper.application; includeInIndex = 0; path = "Demo-OSX.app"; sourceTree = BUILT_PRODUCTS_DIR; };
		475D10961A0E3640000F699A /* Info.plist */ = {isa = PBXFileReference; lastKnownFileType = text.plist.xml; path = Info.plist; sourceTree = "<group>"; };
		475D10971A0E3640000F699A /* AppDelegate.swift */ = {isa = PBXFileReference; lastKnownFileType = sourcecode.swift; path = AppDelegate.swift; sourceTree = "<group>"; };
		475D10991A0E3640000F699A /* Images.xcassets */ = {isa = PBXFileReference; lastKnownFileType = folder.assetcatalog; path = Images.xcassets; sourceTree = "<group>"; };
		475D109C1A0E3640000F699A /* Base */ = {isa = PBXFileReference; lastKnownFileType = file.xib; name = Base; path = Base.lproj/MainMenu.xib; sourceTree = "<group>"; };
		47888BF01A18C20D00A76E47 /* Apple_Swift_Logo.png */ = {isa = PBXFileReference; lastKnownFileType = image.png; path = Apple_Swift_Logo.png; sourceTree = "<group>"; };
		47BA2E671A0FB73B00A334D2 /* Quadrat.framework */ = {isa = PBXFileReference; explicitFileType = wrapper.framework; name = Quadrat.framework; path = "/Users/fry/Library/Developer/Xcode/DerivedData/Foursquare-anrmxufunpanzdaqztlupbwzzaux/Build/Products/Debug/Quadrat.framework"; sourceTree = "<absolute>"; };
		9E876B9E1D88126F006BB7BE /* Quadrat.framework */ = {isa = PBXFileReference; lastKnownFileType = wrapper.framework; name = Quadrat.framework; path = "../../../../../../Library/Developer/Xcode/DerivedData/Foursquare-ftykwwpeywvkvhfvismdqyhzjtzf/Build/Products/Debug/Quadrat.framework"; sourceTree = "<group>"; };
		9E876BA21D8812D7006BB7BE /* Quadrat.xcodeproj */ = {isa = PBXFileReference; lastKnownFileType = "wrapper.pb-project"; name = Quadrat.xcodeproj; path = ../../Source/Quadrat.xcodeproj; sourceTree = "<group>"; };
/* End PBXFileReference section */

/* Begin PBXFrameworksBuildPhase section */
		475D108F1A0E3640000F699A /* Frameworks */ = {
			isa = PBXFrameworksBuildPhase;
			buildActionMask = 2147483647;
			files = (
			);
			runOnlyForDeploymentPostprocessing = 0;
		};
/* End PBXFrameworksBuildPhase section */

/* Begin PBXGroup section */
		475D10891A0E3640000F699A = {
			isa = PBXGroup;
			children = (
				9E876BA21D8812D7006BB7BE /* Quadrat.xcodeproj */,
				475D10941A0E3640000F699A /* Demo-OSX */,
				475D10931A0E3640000F699A /* Products */,
				9E876B9D1D88126F006BB7BE /* Frameworks */,
			);
			sourceTree = "<group>";
		};
		475D10931A0E3640000F699A /* Products */ = {
			isa = PBXGroup;
			children = (
				475D10921A0E3640000F699A /* Demo-OSX.app */,
			);
			name = Products;
			sourceTree = "<group>";
		};
		475D10941A0E3640000F699A /* Demo-OSX */ = {
			isa = PBXGroup;
			children = (
				47888BF01A18C20D00A76E47 /* Apple_Swift_Logo.png */,
				475D10971A0E3640000F699A /* AppDelegate.swift */,
				475D10991A0E3640000F699A /* Images.xcassets */,
				475D109B1A0E3640000F699A /* MainMenu.xib */,
				475D10951A0E3640000F699A /* Supporting Files */,
			);
			path = "Demo-OSX";
			sourceTree = "<group>";
		};
		475D10951A0E3640000F699A /* Supporting Files */ = {
			isa = PBXGroup;
			children = (
				47BA2E671A0FB73B00A334D2 /* Quadrat.framework */,
				475D10961A0E3640000F699A /* Info.plist */,
			);
			name = "Supporting Files";
			sourceTree = "<group>";
		};
		9E876B9D1D88126F006BB7BE /* Frameworks */ = {
			isa = PBXGroup;
			children = (
				9E876B9E1D88126F006BB7BE /* Quadrat.framework */,
			);
			name = Frameworks;
			sourceTree = "<group>";
		};
		9E876BA31D8812D7006BB7BE /* Products */ = {
			isa = PBXGroup;
			children = (
				9E876BA81D8812D7006BB7BE /* Quadrat.framework */,
				9E876BAA1D8812D7006BB7BE /* QuadratTouch.framework */,
			);
			name = Products;
			sourceTree = "<group>";
		};
/* End PBXGroup section */

/* Begin PBXNativeTarget section */
		475D10911A0E3640000F699A /* Demo-OSX */ = {
			isa = PBXNativeTarget;
			buildConfigurationList = 475D10AC1A0E3640000F699A /* Build configuration list for PBXNativeTarget "Demo-OSX" */;
			buildPhases = (
				475D108E1A0E3640000F699A /* Sources */,
				475D108F1A0E3640000F699A /* Frameworks */,
				475D10901A0E3640000F699A /* Resources */,
				47BA2E6A1A0FB73B00A334D2 /* Embed Frameworks */,
			);
			buildRules = (
			);
			dependencies = (
				9E876BAC1D8812E4006BB7BE /* PBXTargetDependency */,
			);
			name = "Demo-OSX";
			productName = "Demo-OSX";
			productReference = 475D10921A0E3640000F699A /* Demo-OSX.app */;
			productType = "com.apple.product-type.application";
		};
/* End PBXNativeTarget section */

/* Begin PBXProject section */
		475D108A1A0E3640000F699A /* Project object */ = {
			isa = PBXProject;
			attributes = {
				LastSwiftUpdateCheck = 0700;
				LastUpgradeCheck = 0800;
				ORGANIZATIONNAME = "Constantine Fry";
				TargetAttributes = {
					475D10911A0E3640000F699A = {
						CreatedOnToolsVersion = 6.1;
						DevelopmentTeam = VZ266K5KCR;
						LastSwiftMigration = 0800;
						ProvisioningStyle = Automatic;
					};
				};
			};
			buildConfigurationList = 475D108D1A0E3640000F699A /* Build configuration list for PBXProject "Demo-OSX" */;
			compatibilityVersion = "Xcode 3.2";
			developmentRegion = English;
			hasScannedForEncodings = 0;
			knownRegions = (
				en,
				Base,
			);
			mainGroup = 475D10891A0E3640000F699A;
			productRefGroup = 475D10931A0E3640000F699A /* Products */;
			projectDirPath = "";
			projectReferences = (
				{
					ProductGroup = 9E876BA31D8812D7006BB7BE /* Products */;
					ProjectRef = 9E876BA21D8812D7006BB7BE /* Quadrat.xcodeproj */;
				},
			);
			projectRoot = "";
			targets = (
				475D10911A0E3640000F699A /* Demo-OSX */,
			);
		};
/* End PBXProject section */

/* Begin PBXReferenceProxy section */
		9E876BA81D8812D7006BB7BE /* Quadrat.framework */ = {
			isa = PBXReferenceProxy;
			fileType = wrapper.framework;
			path = Quadrat.framework;
			remoteRef = 9E876BA71D8812D7006BB7BE /* PBXContainerItemProxy */;
			sourceTree = BUILT_PRODUCTS_DIR;
		};
		9E876BAA1D8812D7006BB7BE /* QuadratTouch.framework */ = {
			isa = PBXReferenceProxy;
			fileType = wrapper.framework;
			path = QuadratTouch.framework;
			remoteRef = 9E876BA91D8812D7006BB7BE /* PBXContainerItemProxy */;
			sourceTree = BUILT_PRODUCTS_DIR;
		};
/* End PBXReferenceProxy section */

/* Begin PBXResourcesBuildPhase section */
		475D10901A0E3640000F699A /* Resources */ = {
			isa = PBXResourcesBuildPhase;
			buildActionMask = 2147483647;
			files = (
				47888BF11A18C20D00A76E47 /* Apple_Swift_Logo.png in Resources */,
				475D109A1A0E3640000F699A /* Images.xcassets in Resources */,
				475D109D1A0E3640000F699A /* MainMenu.xib in Resources */,
			);
			runOnlyForDeploymentPostprocessing = 0;
		};
/* End PBXResourcesBuildPhase section */

/* Begin PBXSourcesBuildPhase section */
		475D108E1A0E3640000F699A /* Sources */ = {
			isa = PBXSourcesBuildPhase;
			buildActionMask = 2147483647;
			files = (
				475D10981A0E3640000F699A /* AppDelegate.swift in Sources */,
			);
			runOnlyForDeploymentPostprocessing = 0;
		};
/* End PBXSourcesBuildPhase section */

/* Begin PBXTargetDependency section */
		9E876BAC1D8812E4006BB7BE /* PBXTargetDependency */ = {
			isa = PBXTargetDependency;
			name = Quadrat;
			targetProxy = 9E876BAB1D8812E4006BB7BE /* PBXContainerItemProxy */;
		};
/* End PBXTargetDependency section */

/* Begin PBXVariantGroup section */
		475D109B1A0E3640000F699A /* MainMenu.xib */ = {
			isa = PBXVariantGroup;
			children = (
				475D109C1A0E3640000F699A /* Base */,
			);
			name = MainMenu.xib;
			sourceTree = "<group>";
		};
/* End PBXVariantGroup section */

/* Begin XCBuildConfiguration section */
		475D10AA1A0E3640000F699A /* Debug */ = {
			isa = XCBuildConfiguration;
			buildSettings = {
				ALWAYS_SEARCH_USER_PATHS = NO;
				CLANG_CXX_LANGUAGE_STANDARD = "gnu++0x";
				CLANG_CXX_LIBRARY = "libc++";
				CLANG_ENABLE_MODULES = YES;
				CLANG_ENABLE_OBJC_ARC = YES;
				CLANG_WARN_BOOL_CONVERSION = YES;
				CLANG_WARN_CONSTANT_CONVERSION = YES;
				CLANG_WARN_DIRECT_OBJC_ISA_USAGE = YES_ERROR;
				CLANG_WARN_EMPTY_BODY = YES;
				CLANG_WARN_ENUM_CONVERSION = YES;
				CLANG_WARN_INFINITE_RECURSION = YES;
				CLANG_WARN_INT_CONVERSION = YES;
				CLANG_WARN_OBJC_ROOT_CLASS = YES_ERROR;
				CLANG_WARN_SUSPICIOUS_MOVE = YES;
				CLANG_WARN_UNREACHABLE_CODE = YES;
				CLANG_WARN__DUPLICATE_METHOD_MATCH = YES;
				CODE_SIGN_IDENTITY = "-";
				COPY_PHASE_STRIP = NO;
				ENABLE_STRICT_OBJC_MSGSEND = YES;
				ENABLE_TESTABILITY = YES;
				GCC_C_LANGUAGE_STANDARD = gnu99;
				GCC_DYNAMIC_NO_PIC = NO;
				GCC_NO_COMMON_BLOCKS = YES;
				GCC_OPTIMIZATION_LEVEL = 0;
				GCC_PREPROCESSOR_DEFINITIONS = (
					"DEBUG=1",
					"$(inherited)",
				);
				GCC_SYMBOLS_PRIVATE_EXTERN = NO;
				GCC_WARN_64_TO_32_BIT_CONVERSION = YES;
				GCC_WARN_ABOUT_RETURN_TYPE = YES_ERROR;
				GCC_WARN_UNDECLARED_SELECTOR = YES;
				GCC_WARN_UNINITIALIZED_AUTOS = YES_AGGRESSIVE;
				GCC_WARN_UNUSED_FUNCTION = YES;
				GCC_WARN_UNUSED_VARIABLE = YES;
				MACOSX_DEPLOYMENT_TARGET = 10.9;
				MTL_ENABLE_DEBUG_INFO = YES;
				ONLY_ACTIVE_ARCH = YES;
				SDKROOT = macosx;
				SWIFT_OPTIMIZATION_LEVEL = "-Onone";
			};
			name = Debug;
		};
		475D10AB1A0E3640000F699A /* Release */ = {
			isa = XCBuildConfiguration;
			buildSettings = {
				ALWAYS_SEARCH_USER_PATHS = NO;
				CLANG_CXX_LANGUAGE_STANDARD = "gnu++0x";
				CLANG_CXX_LIBRARY = "libc++";
				CLANG_ENABLE_MODULES = YES;
				CLANG_ENABLE_OBJC_ARC = YES;
				CLANG_WARN_BOOL_CONVERSION = YES;
				CLANG_WARN_CONSTANT_CONVERSION = YES;
				CLANG_WARN_DIRECT_OBJC_ISA_USAGE = YES_ERROR;
				CLANG_WARN_EMPTY_BODY = YES;
				CLANG_WARN_ENUM_CONVERSION = YES;
				CLANG_WARN_INFINITE_RECURSION = YES;
				CLANG_WARN_INT_CONVERSION = YES;
				CLANG_WARN_OBJC_ROOT_CLASS = YES_ERROR;
				CLANG_WARN_SUSPICIOUS_MOVE = YES;
				CLANG_WARN_UNREACHABLE_CODE = YES;
				CLANG_WARN__DUPLICATE_METHOD_MATCH = YES;
				CODE_SIGN_IDENTITY = "-";
				COPY_PHASE_STRIP = YES;
				DEBUG_INFORMATION_FORMAT = "dwarf-with-dsym";
				ENABLE_NS_ASSERTIONS = NO;
				ENABLE_STRICT_OBJC_MSGSEND = YES;
				GCC_C_LANGUAGE_STANDARD = gnu99;
				GCC_NO_COMMON_BLOCKS = YES;
				GCC_WARN_64_TO_32_BIT_CONVERSION = YES;
				GCC_WARN_ABOUT_RETURN_TYPE = YES_ERROR;
				GCC_WARN_UNDECLARED_SELECTOR = YES;
				GCC_WARN_UNINITIALIZED_AUTOS = YES_AGGRESSIVE;
				GCC_WARN_UNUSED_FUNCTION = YES;
				GCC_WARN_UNUSED_VARIABLE = YES;
				MACOSX_DEPLOYMENT_TARGET = 10.9;
				MTL_ENABLE_DEBUG_INFO = NO;
				SDKROOT = macosx;
				SWIFT_OPTIMIZATION_LEVEL = "-Owholemodule";
			};
			name = Release;
		};
		475D10AD1A0E3640000F699A /* Debug */ = {
			isa = XCBuildConfiguration;
			buildSettings = {
				ASSETCATALOG_COMPILER_APPICON_NAME = AppIcon;
				CODE_SIGN_IDENTITY = "Mac Developer";
				COMBINE_HIDPI_IMAGES = YES;
				DEVELOPMENT_TEAM = VZ266K5KCR;
				FRAMEWORK_SEARCH_PATHS = "$(inherited)";
				INFOPLIST_FILE = "Demo-OSX/Info.plist";
				LD_RUNPATH_SEARCH_PATHS = "$(inherited) @executable_path/../Frameworks";
				PRODUCT_BUNDLE_IDENTIFIER = "net.aoeu.fry.$(PRODUCT_NAME:rfc1034identifier)";
				PRODUCT_NAME = "$(TARGET_NAME)";
				SWIFT_OPTIMIZATION_LEVEL = "-O";
				SWIFT_VERSION = 3.0;
			};
			name = Debug;
		};
		475D10AE1A0E3640000F699A /* Release */ = {
			isa = XCBuildConfiguration;
			buildSettings = {
				ASSETCATALOG_COMPILER_APPICON_NAME = AppIcon;
				CODE_SIGN_IDENTITY = "Mac Developer";
				COMBINE_HIDPI_IMAGES = YES;
				DEVELOPMENT_TEAM = VZ266K5KCR;
				FRAMEWORK_SEARCH_PATHS = "$(inherited)";
				INFOPLIST_FILE = "Demo-OSX/Info.plist";
				LD_RUNPATH_SEARCH_PATHS = "$(inherited) @executable_path/../Frameworks";
				PRODUCT_BUNDLE_IDENTIFIER = "net.aoeu.fry.$(PRODUCT_NAME:rfc1034identifier)";
				PRODUCT_NAME = "$(TARGET_NAME)";
				SWIFT_VERSION = 3.0;
			};
			name = Release;
		};
/* End XCBuildConfiguration section */

/* Begin XCConfigurationList section */
		475D108D1A0E3640000F699A /* Build configuration list for PBXProject "Demo-OSX" */ = {
			isa = XCConfigurationList;
			buildConfigurations = (
				475D10AA1A0E3640000F699A /* Debug */,
				475D10AB1A0E3640000F699A /* Release */,
			);
			defaultConfigurationIsVisible = 0;
			defaultConfigurationName = Release;
		};
		475D10AC1A0E3640000F699A /* Build configuration list for PBXNativeTarget "Demo-OSX" */ = {
			isa = XCConfigurationList;
			buildConfigurations = (
				475D10AD1A0E3640000F699A /* Debug */,
				475D10AE1A0E3640000F699A /* Release */,
			);
			defaultConfigurationIsVisible = 0;
			defaultConfigurationName = Release;
		};
/* End XCConfigurationList section */
	};
	rootObject = 475D108A1A0E3640000F699A /* Project object */;
}
